
Microsoft Visual Studio Solution File, Format Version 12.00
# Visual Studio 14
VisualStudioVersion = 14.0.24720.0
MinimumVisualStudioVersion = 10.0.40219.1
Project("{FAE04EC0-301F-11D3-BF4B-00C04F79EFBC}") = "ProEvoCanary.Web", "ProEvoCanary.Web\ProEvoCanary.Web.csproj", "{B2350B8A-62CB-4BB9-A9DB-C52EECE4FF77}"
EndProject
Project("{FAE04EC0-301F-11D3-BF4B-00C04F79EFBC}") = "ProEvoCanary.UnitTests", "ProEvoCanary.Tests\ProEvoCanary.UnitTests.csproj", "{65B2C6CD-57F3-41BA-90A9-6B05C8342B86}"
EndProject
Project("{FAE04EC0-301F-11D3-BF4B-00C04F79EFBC}") = "ProEvoCanary.AcceptanceTests", "ProEvoCanary.AcceptanceTests\ProEvoCanary.AcceptanceTests.csproj", "{E9132108-AFA2-4D60-AA12-30EB2B92C2A4}"
EndProject
Project("{FAE04EC0-301F-11D3-BF4B-00C04F79EFBC}") = "ProEvoCanary.Domain", "ProEvoCanary.Domain\ProEvoCanary.Domain.csproj", "{3D96C9C6-ABB0-4FB2-AF72-73D0873E0AC0}"
EndProject
Project("{2150E333-8FDC-42A3-9474-1A3956D46DE8}") = "Tests", "Tests", "{C2903F33-1A94-4DE6-A45F-D76BF13063E7}"
EndProject
Project("{FAE04EC0-301F-11D3-BF4B-00C04F79EFBC}") = "ProEvoCanary.IntegrationTests", "ProEvoCanary.IntegrationTests\ProEvoCanary.IntegrationTests.csproj", "{2AA3AA57-83F7-4089-B7A3-0E864F9A33E8}"
EndProject
Project("{FAE04EC0-301F-11D3-BF4B-00C04F79EFBC}") = "ProEvoCanary.Database", "Database\ProEvoCanary.Database.csproj", "{DBD6A10E-2EA8-4FBF-B52D-3E99C265389F}"
EndProject
Project("{FAE04EC0-301F-11D3-BF4B-00C04F79EFBC}") = "ProEvoCanary.AdminWeb", "ProEvoCanary.AdminWeb\ProEvoCanary.AdminWeb.csproj", "{17744079-559B-4EEB-ADEB-A942CD2DF0E7}"
EndProject
Project("{FAE04EC0-301F-11D3-BF4B-00C04F79EFBC}") = "ProEvoCanary.AdminWeb.UnitTests", "ProEvoCanary.AdminWeb.UnitTests\ProEvoCanary.AdminWeb.UnitTests.csproj", "{B484B246-6F73-4F14-A4DF-465F82E19195}"
EndProject
Global
	GlobalSection(SolutionConfigurationPlatforms) = preSolution
		Debug|Any CPU = Debug|Any CPU
		Release|Any CPU = Release|Any CPU
	EndGlobalSection
	GlobalSection(ProjectConfigurationPlatforms) = postSolution
		{B2350B8A-62CB-4BB9-A9DB-C52EECE4FF77}.Debug|Any CPU.ActiveCfg = Debug|Any CPU
		{B2350B8A-62CB-4BB9-A9DB-C52EECE4FF77}.Debug|Any CPU.Build.0 = Debug|Any CPU
		{B2350B8A-62CB-4BB9-A9DB-C52EECE4FF77}.Release|Any CPU.ActiveCfg = Release|Any CPU
		{B2350B8A-62CB-4BB9-A9DB-C52EECE4FF77}.Release|Any CPU.Build.0 = Release|Any CPU
		{65B2C6CD-57F3-41BA-90A9-6B05C8342B86}.Debug|Any CPU.ActiveCfg = Debug|Any CPU
		{65B2C6CD-57F3-41BA-90A9-6B05C8342B86}.Debug|Any CPU.Build.0 = Debug|Any CPU
		{65B2C6CD-57F3-41BA-90A9-6B05C8342B86}.Release|Any CPU.ActiveCfg = Release|Any CPU
		{65B2C6CD-57F3-41BA-90A9-6B05C8342B86}.Release|Any CPU.Build.0 = Release|Any CPU
		{E9132108-AFA2-4D60-AA12-30EB2B92C2A4}.Debug|Any CPU.ActiveCfg = Debug|Any CPU
		{E9132108-AFA2-4D60-AA12-30EB2B92C2A4}.Debug|Any CPU.Build.0 = Debug|Any CPU
		{E9132108-AFA2-4D60-AA12-30EB2B92C2A4}.Release|Any CPU.ActiveCfg = Release|Any CPU
		{E9132108-AFA2-4D60-AA12-30EB2B92C2A4}.Release|Any CPU.Build.0 = Release|Any CPU
		{3D96C9C6-ABB0-4FB2-AF72-73D0873E0AC0}.Debug|Any CPU.ActiveCfg = Debug|Any CPU
		{3D96C9C6-ABB0-4FB2-AF72-73D0873E0AC0}.Debug|Any CPU.Build.0 = Debug|Any CPU
		{3D96C9C6-ABB0-4FB2-AF72-73D0873E0AC0}.Release|Any CPU.ActiveCfg = Release|Any CPU
		{3D96C9C6-ABB0-4FB2-AF72-73D0873E0AC0}.Release|Any CPU.Build.0 = Release|Any CPU
		{2AA3AA57-83F7-4089-B7A3-0E864F9A33E8}.Debug|Any CPU.ActiveCfg = Debug|Any CPU
		{2AA3AA57-83F7-4089-B7A3-0E864F9A33E8}.Debug|Any CPU.Build.0 = Debug|Any CPU
		{2AA3AA57-83F7-4089-B7A3-0E864F9A33E8}.Release|Any CPU.ActiveCfg = Release|Any CPU
		{2AA3AA57-83F7-4089-B7A3-0E864F9A33E8}.Release|Any CPU.Build.0 = Release|Any CPU
		{DBD6A10E-2EA8-4FBF-B52D-3E99C265389F}.Debug|Any CPU.ActiveCfg = Debug|Any CPU
		{DBD6A10E-2EA8-4FBF-B52D-3E99C265389F}.Debug|Any CPU.Build.0 = Debug|Any CPU
		{DBD6A10E-2EA8-4FBF-B52D-3E99C265389F}.Release|Any CPU.ActiveCfg = Release|Any CPU
		{DBD6A10E-2EA8-4FBF-B52D-3E99C265389F}.Release|Any CPU.Build.0 = Release|Any CPU
		{17744079-559B-4EEB-ADEB-A942CD2DF0E7}.Debug|Any CPU.ActiveCfg = Debug|Any CPU
		{17744079-559B-4EEB-ADEB-A942CD2DF0E7}.Debug|Any CPU.Build.0 = Debug|Any CPU
		{17744079-559B-4EEB-ADEB-A942CD2DF0E7}.Release|Any CPU.ActiveCfg = Release|Any CPU
		{17744079-559B-4EEB-ADEB-A942CD2DF0E7}.Release|Any CPU.Build.0 = Release|Any CPU
		{B484B246-6F73-4F14-A4DF-465F82E19195}.Debug|Any CPU.ActiveCfg = Debug|Any CPU
		{B484B246-6F73-4F14-A4DF-465F82E19195}.Debug|Any CPU.Build.0 = Debug|Any CPU
		{B484B246-6F73-4F14-A4DF-465F82E19195}.Release|Any CPU.ActiveCfg = Release|Any CPU
		{B484B246-6F73-4F14-A4DF-465F82E19195}.Release|Any CPU.Build.0 = Release|Any CPU
	EndGlobalSection
	GlobalSection(SolutionProperties) = preSolution
		HideSolutionNode = FALSE
	EndGlobalSection
	GlobalSection(NestedProjects) = preSolution
		{65B2C6CD-57F3-41BA-90A9-6B05C8342B86} = {C2903F33-1A94-4DE6-A45F-D76BF13063E7}
		{E9132108-AFA2-4D60-AA12-30EB2B92C2A4} = {C2903F33-1A94-4DE6-A45F-D76BF13063E7}
		{2AA3AA57-83F7-4089-B7A3-0E864F9A33E8} = {C2903F33-1A94-4DE6-A45F-D76BF13063E7}
		{B484B246-6F73-4F14-A4DF-465F82E19195} = {C2903F33-1A94-4DE6-A45F-D76BF13063E7}
	EndGlobalSection
EndGlobal
